
Microsoft Visual Studio Solution File, Format Version 12.00
# Visual Studio Version 17
VisualStudioVersion = 17.5.33530.505
MinimumVisualStudioVersion = 10.0.40219.1
Project("{FAE04EC0-301F-11D3-BF4B-00C04F79EFBC}") = "gdi test", "gdi test\gdi test.csproj", "{1F8A0486-9831-40AA-9487-AF726E376E8E}"
EndProject
Global
	GlobalSection(SolutionConfigurationPlatforms) = preSolution
		Debug|Any CPU = Debug|Any CPU
		Release|Any CPU = Release|Any CPU
	EndGlobalSection
	GlobalSection(ProjectConfigurationPlatforms) = postSolution
		{1F8A0486-9831-40AA-9487-AF726E376E8E}.Debug|Any CPU.ActiveCfg = Debug|Any CPU
		{1F8A0486-9831-40AA-9487-AF726E376E8E}.Debug|Any CPU.Build.0 = Debug|Any CPU
		{1F8A0486-9831-40AA-9487-AF726E376E8E}.Release|Any CPU.ActiveCfg = Release|Any CPU
		{1F8A0486-9831-40AA-9487-AF726E376E8E}.Release|Any CPU.Build.0 = Release|Any CPU
	EndGlobalSection
	GlobalSection(SolutionProperties) = preSolution
		HideSolutionNode = FALSE
	EndGlobalSection
	GlobalSection(ExtensibilityGlobals) = postSolution
		SolutionGuid = {C07CD522-46D9-482D-A0F5-B3ED8A77DDED}
	EndGlobalSection
EndGlobal
